
Microsoft Visual Studio Solution File, Format Version 12.00
# Visual Studio 14
VisualStudioVersion = 14.0.25420.1
MinimumVisualStudioVersion = 10.0.40219.1
Project("{2150E333-8FDC-42A3-9474-1A3956D46DE8}") = "GraphEditor", "GraphEditor", "{5B6B0617-38C4-4336-BA26-A8BC722BF368}"
EndProject
Project("{2150E333-8FDC-42A3-9474-1A3956D46DE8}") = "TableEditor", "TableEditor", "{E182CFFF-C0C3-4E01-B70F-852569CEE481}"
EndProject
Project("{2150E333-8FDC-42A3-9474-1A3956D46DE8}") = "Shared", "Shared", "{2577144F-B4E3-4809-9B4F-04F5424A405F}"
EndProject
Project("{FAE04EC0-301F-11D3-BF4B-00C04F79EFBC}") = "AdornedControl.2010", "GraphEditor\AdornedControl\AdornedControl.2010.csproj", "{94B81CB7-F8A6-44BC-BD71-E927F701E0D8}"
EndProject
Project("{FAE04EC0-301F-11D3-BF4B-00C04F79EFBC}") = "AdvancedSample.2010", "GraphEditor\AdvancedSample\AdvancedSample.2010.csproj", "{2AA2E559-5417-40ED-A739-D98049C8A68A}"
EndProject
Project("{FAE04EC0-301F-11D3-BF4B-00C04F79EFBC}") = "NetworkUI.2010", "GraphEditor\NetworkUI\NetworkUI.2010.csproj", "{B7CA1480-C144-40AC-AB97-A626F800D5B4}"
EndProject
Project("{FAE04EC0-301F-11D3-BF4B-00C04F79EFBC}") = "Utils.2010", "GraphEditor\Utils\Utils.2010.csproj", "{E7D6707B-D6EF-4FA8-9374-DC3B7D3CDFD6}"
EndProject
Project("{FAE04EC0-301F-11D3-BF4B-00C04F79EFBC}") = "ZoomAndPan.2010", "GraphEditor\ZoomAndPan\ZoomAndPan.2010.csproj", "{468ADEDE-6F5E-40C0-99C9-C6DAC4FAC934}"
EndProject
Project("{FAE04EC0-301F-11D3-BF4B-00C04F79EFBC}") = "TableEditor", "TableEditor\TableEditor.csproj", "{FC85EACC-BBF1-464A-B83A-E88DD2A441E1}"
EndProject
Project("{FAE04EC0-301F-11D3-BF4B-00C04F79EFBC}") = "FsmUtils", "Shared\FsmUtils\FsmUtils.csproj", "{851B0E03-4CF2-4ADF-8C2B-68F072C8CF2E}"
EndProject
Project("{FAE04EC0-301F-11D3-BF4B-00C04F79EFBC}") = "AdvancedNetworkModel.2010", "Shared\NetworkModel\AdvancedNetworkModel.2010.csproj", "{669475DA-8F89-4657-B917-0B0C126BCD1D}"
EndProject
Project("{FAE04EC0-301F-11D3-BF4B-00C04F79EFBC}") = "TableModel", "TableModel\TableModel.csproj", "{1C567EDC-3F8B-4DB2-9196-4AE312457DA5}"
EndProject
Global
	GlobalSection(SolutionConfigurationPlatforms) = preSolution
		Debug|Any CPU = Debug|Any CPU
		Release|Any CPU = Release|Any CPU
	EndGlobalSection
	GlobalSection(ProjectConfigurationPlatforms) = postSolution
		{94B81CB7-F8A6-44BC-BD71-E927F701E0D8}.Debug|Any CPU.ActiveCfg = Debug|Any CPU
		{94B81CB7-F8A6-44BC-BD71-E927F701E0D8}.Debug|Any CPU.Build.0 = Debug|Any CPU
		{94B81CB7-F8A6-44BC-BD71-E927F701E0D8}.Release|Any CPU.ActiveCfg = Release|Any CPU
		{94B81CB7-F8A6-44BC-BD71-E927F701E0D8}.Release|Any CPU.Build.0 = Release|Any CPU
		{2AA2E559-5417-40ED-A739-D98049C8A68A}.Debug|Any CPU.ActiveCfg = Debug|Any CPU
		{2AA2E559-5417-40ED-A739-D98049C8A68A}.Debug|Any CPU.Build.0 = Debug|Any CPU
		{2AA2E559-5417-40ED-A739-D98049C8A68A}.Release|Any CPU.ActiveCfg = Release|Any CPU
		{2AA2E559-5417-40ED-A739-D98049C8A68A}.Release|Any CPU.Build.0 = Release|Any CPU
		{B7CA1480-C144-40AC-AB97-A626F800D5B4}.Debug|Any CPU.ActiveCfg = Debug|Any CPU
		{B7CA1480-C144-40AC-AB97-A626F800D5B4}.Debug|Any CPU.Build.0 = Debug|Any CPU
		{B7CA1480-C144-40AC-AB97-A626F800D5B4}.Release|Any CPU.ActiveCfg = Release|Any CPU
		{B7CA1480-C144-40AC-AB97-A626F800D5B4}.Release|Any CPU.Build.0 = Release|Any CPU
		{E7D6707B-D6EF-4FA8-9374-DC3B7D3CDFD6}.Debug|Any CPU.ActiveCfg = Debug|Any CPU
		{E7D6707B-D6EF-4FA8-9374-DC3B7D3CDFD6}.Debug|Any CPU.Build.0 = Debug|Any CPU
		{E7D6707B-D6EF-4FA8-9374-DC3B7D3CDFD6}.Release|Any CPU.ActiveCfg = Release|Any CPU
		{E7D6707B-D6EF-4FA8-9374-DC3B7D3CDFD6}.Release|Any CPU.Build.0 = Release|Any CPU
		{468ADEDE-6F5E-40C0-99C9-C6DAC4FAC934}.Debug|Any CPU.ActiveCfg = Debug|Any CPU
		{468ADEDE-6F5E-40C0-99C9-C6DAC4FAC934}.Debug|Any CPU.Build.0 = Debug|Any CPU
		{468ADEDE-6F5E-40C0-99C9-C6DAC4FAC934}.Release|Any CPU.ActiveCfg = Release|Any CPU
		{468ADEDE-6F5E-40C0-99C9-C6DAC4FAC934}.Release|Any CPU.Build.0 = Release|Any CPU
		{FC85EACC-BBF1-464A-B83A-E88DD2A441E1}.Debug|Any CPU.ActiveCfg = Debug|Any CPU
		{FC85EACC-BBF1-464A-B83A-E88DD2A441E1}.Debug|Any CPU.Build.0 = Debug|Any CPU
		{FC85EACC-BBF1-464A-B83A-E88DD2A441E1}.Release|Any CPU.ActiveCfg = Release|Any CPU
		{FC85EACC-BBF1-464A-B83A-E88DD2A441E1}.Release|Any CPU.Build.0 = Release|Any CPU
		{851B0E03-4CF2-4ADF-8C2B-68F072C8CF2E}.Debug|Any CPU.ActiveCfg = Debug|Any CPU
		{851B0E03-4CF2-4ADF-8C2B-68F072C8CF2E}.Debug|Any CPU.Build.0 = Debug|Any CPU
		{851B0E03-4CF2-4ADF-8C2B-68F072C8CF2E}.Release|Any CPU.ActiveCfg = Release|Any CPU
		{851B0E03-4CF2-4ADF-8C2B-68F072C8CF2E}.Release|Any CPU.Build.0 = Release|Any CPU
		{669475DA-8F89-4657-B917-0B0C126BCD1D}.Debug|Any CPU.ActiveCfg = Debug|Any CPU
		{669475DA-8F89-4657-B917-0B0C126BCD1D}.Debug|Any CPU.Build.0 = Debug|Any CPU
		{669475DA-8F89-4657-B917-0B0C126BCD1D}.Release|Any CPU.ActiveCfg = Release|Any CPU
		{669475DA-8F89-4657-B917-0B0C126BCD1D}.Release|Any CPU.Build.0 = Release|Any CPU
		{1C567EDC-3F8B-4DB2-9196-4AE312457DA5}.Debug|Any CPU.ActiveCfg = Debug|Any CPU
		{1C567EDC-3F8B-4DB2-9196-4AE312457DA5}.Debug|Any CPU.Build.0 = Debug|Any CPU
		{1C567EDC-3F8B-4DB2-9196-4AE312457DA5}.Release|Any CPU.ActiveCfg = Release|Any CPU
		{1C567EDC-3F8B-4DB2-9196-4AE312457DA5}.Release|Any CPU.Build.0 = Release|Any CPU
	EndGlobalSection
	GlobalSection(SolutionProperties) = preSolution
		HideSolutionNode = FALSE
	EndGlobalSection
	GlobalSection(NestedProjects) = preSolution
		{94B81CB7-F8A6-44BC-BD71-E927F701E0D8} = {5B6B0617-38C4-4336-BA26-A8BC722BF368}
		{2AA2E559-5417-40ED-A739-D98049C8A68A} = {5B6B0617-38C4-4336-BA26-A8BC722BF368}
		{B7CA1480-C144-40AC-AB97-A626F800D5B4} = {5B6B0617-38C4-4336-BA26-A8BC722BF368}
		{E7D6707B-D6EF-4FA8-9374-DC3B7D3CDFD6} = {5B6B0617-38C4-4336-BA26-A8BC722BF368}
		{468ADEDE-6F5E-40C0-99C9-C6DAC4FAC934} = {5B6B0617-38C4-4336-BA26-A8BC722BF368}
		{FC85EACC-BBF1-464A-B83A-E88DD2A441E1} = {E182CFFF-C0C3-4E01-B70F-852569CEE481}
		{851B0E03-4CF2-4ADF-8C2B-68F072C8CF2E} = {2577144F-B4E3-4809-9B4F-04F5424A405F}
		{669475DA-8F89-4657-B917-0B0C126BCD1D} = {2577144F-B4E3-4809-9B4F-04F5424A405F}
		{1C567EDC-3F8B-4DB2-9196-4AE312457DA5} = {2577144F-B4E3-4809-9B4F-04F5424A405F}
	EndGlobalSection
EndGlobal
